// !$*UTF8*$!
{
	archiveVersion = 1;
	classes = {
	};
	objectVersion = 50;
	objects = {

/* Begin PBXBuildFile section */
		22520AD72432644F00A80776 /* AppDelegate.swift in Sources */ = {isa = PBXBuildFile; fileRef = 22520AD62432644F00A80776 /* AppDelegate.swift */; };
		22520AD92432644F00A80776 /* SceneDelegate.swift in Sources */ = {isa = PBXBuildFile; fileRef = 22520AD82432644F00A80776 /* SceneDelegate.swift */; };
		22520ADB2432644F00A80776 /* ViewController.swift in Sources */ = {isa = PBXBuildFile; fileRef = 22520ADA2432644F00A80776 /* ViewController.swift */; };
		22520ADE2432644F00A80776 /* Main.storyboard in Resources */ = {isa = PBXBuildFile; fileRef = 22520ADC2432644F00A80776 /* Main.storyboard */; };
		22520AE12432644F00A80776 /* LockdownCounter.xcdatamodeld in Sources */ = {isa = PBXBuildFile; fileRef = 22520ADF2432644F00A80776 /* LockdownCounter.xcdatamodeld */; };
		22520AE32432645000A80776 /* Assets.xcassets in Resources */ = {isa = PBXBuildFile; fileRef = 22520AE22432645000A80776 /* Assets.xcassets */; };
		22520AE62432645000A80776 /* LaunchScreen.storyboard in Resources */ = {isa = PBXBuildFile; fileRef = 22520AE42432645000A80776 /* LaunchScreen.storyboard */; };
		22520AEE2434F57400A80776 /* GlobalData.swift in Sources */ = {isa = PBXBuildFile; fileRef = 22520AED2434F57400A80776 /* GlobalData.swift */; };
		22520B08243626B600A80776 /* SplashScreenViewController.swift in Sources */ = {isa = PBXBuildFile; fileRef = 22520B07243626B600A80776 /* SplashScreenViewController.swift */; };
/* End PBXBuildFile section */

/* Begin PBXCopyFilesBuildPhase section */
		22520B0124351C1500A80776 /* Embed App Extensions */ = {
			isa = PBXCopyFilesBuildPhase;
			buildActionMask = 2147483647;
			dstPath = "";
			dstSubfolderSpec = 13;
			files = (
			);
			name = "Embed App Extensions";
			runOnlyForDeploymentPostprocessing = 0;
		};
/* End PBXCopyFilesBuildPhase section */

/* Begin PBXFileReference section */
		22520AD32432644F00A80776 /* Lockdown.app */ = {isa = PBXFileReference; explicitFileType = wrapper.application; includeInIndex = 0; path = Lockdown.app; sourceTree = BUILT_PRODUCTS_DIR; };
		22520AD62432644F00A80776 /* AppDelegate.swift */ = {isa = PBXFileReference; lastKnownFileType = sourcecode.swift; path = AppDelegate.swift; sourceTree = "<group>"; };
		22520AD82432644F00A80776 /* SceneDelegate.swift */ = {isa = PBXFileReference; lastKnownFileType = sourcecode.swift; path = SceneDelegate.swift; sourceTree = "<group>"; };
		22520ADA2432644F00A80776 /* ViewController.swift */ = {isa = PBXFileReference; lastKnownFileType = sourcecode.swift; path = ViewController.swift; sourceTree = "<group>"; };
		22520ADD2432644F00A80776 /* Base */ = {isa = PBXFileReference; lastKnownFileType = file.storyboard; name = Base; path = Base.lproj/Main.storyboard; sourceTree = "<group>"; };
		22520AE02432644F00A80776 /* LockdownCounter.xcdatamodel */ = {isa = PBXFileReference; lastKnownFileType = wrapper.xcdatamodel; path = LockdownCounter.xcdatamodel; sourceTree = "<group>"; };
		22520AE22432645000A80776 /* Assets.xcassets */ = {isa = PBXFileReference; lastKnownFileType = folder.assetcatalog; path = Assets.xcassets; sourceTree = "<group>"; };
		22520AE52432645000A80776 /* Base */ = {isa = PBXFileReference; lastKnownFileType = file.storyboard; name = Base; path = Base.lproj/LaunchScreen.storyboard; sourceTree = "<group>"; };
		22520AE72432645000A80776 /* Info.plist */ = {isa = PBXFileReference; lastKnownFileType = text.plist.xml; path = Info.plist; sourceTree = "<group>"; };
		22520AED2434F57400A80776 /* GlobalData.swift */ = {isa = PBXFileReference; lastKnownFileType = sourcecode.swift; path = GlobalData.swift; sourceTree = "<group>"; };
		22520AF1243518B700A80776 /* Lockdown.entitlements */ = {isa = PBXFileReference; lastKnownFileType = text.plist.entitlements; path = Lockdown.entitlements; sourceTree = "<group>"; };
		22520B07243626B600A80776 /* SplashScreenViewController.swift */ = {isa = PBXFileReference; lastKnownFileType = sourcecode.swift; path = SplashScreenViewController.swift; sourceTree = "<group>"; };
/* End PBXFileReference section */

/* Begin PBXFrameworksBuildPhase section */
		22520AD02432644F00A80776 /* Frameworks */ = {
			isa = PBXFrameworksBuildPhase;
			buildActionMask = 2147483647;
			files = (
			);
			runOnlyForDeploymentPostprocessing = 0;
		};
/* End PBXFrameworksBuildPhase section */

/* Begin PBXGroup section */
		22520ACA2432644F00A80776 = {
			isa = PBXGroup;
			children = (
				22520AD52432644F00A80776 /* LockdownCounter */,
				22520AD42432644F00A80776 /* Products */,
			);
			sourceTree = "<group>";
		};
		22520AD42432644F00A80776 /* Products */ = {
			isa = PBXGroup;
			children = (
				22520AD32432644F00A80776 /* Lockdown.app */,
			);
			name = Products;
			sourceTree = "<group>";
		};
		22520AD52432644F00A80776 /* LockdownCounter */ = {
			isa = PBXGroup;
			children = (
				22520AF1243518B700A80776 /* Lockdown.entitlements */,
				22520AD62432644F00A80776 /* AppDelegate.swift */,
				22520AD82432644F00A80776 /* SceneDelegate.swift */,
				22520ADA2432644F00A80776 /* ViewController.swift */,
				22520B07243626B600A80776 /* SplashScreenViewController.swift */,
				22520ADC2432644F00A80776 /* Main.storyboard */,
				22520AE22432645000A80776 /* Assets.xcassets */,
				22520AE42432645000A80776 /* LaunchScreen.storyboard */,
				22520AED2434F57400A80776 /* GlobalData.swift */,
				22520AE72432645000A80776 /* Info.plist */,
				22520ADF2432644F00A80776 /* LockdownCounter.xcdatamodeld */,
			);
			path = LockdownCounter;
			sourceTree = "<group>";
		};
/* End PBXGroup section */

/* Begin PBXNativeTarget section */
		22520AD22432644F00A80776 /* LockdownCounter */ = {
			isa = PBXNativeTarget;
			buildConfigurationList = 22520AEA2432645000A80776 /* Build configuration list for PBXNativeTarget "LockdownCounter" */;
			buildPhases = (
				22520ACF2432644F00A80776 /* Sources */,
				22520AD02432644F00A80776 /* Frameworks */,
				22520AD12432644F00A80776 /* Resources */,
				22520B0124351C1500A80776 /* Embed App Extensions */,
			);
			buildRules = (
			);
			dependencies = (
			);
			name = LockdownCounter;
			productName = LockdownCounter;
			productReference = 22520AD32432644F00A80776 /* Lockdown.app */;
			productType = "com.apple.product-type.application";
		};
/* End PBXNativeTarget section */

/* Begin PBXProject section */
		22520ACB2432644F00A80776 /* Project object */ = {
			isa = PBXProject;
			attributes = {
				LastSwiftUpdateCheck = 1140;
				LastUpgradeCheck = 1140;
				ORGANIZATIONNAME = "RHM Computing";
				TargetAttributes = {
					22520AD22432644F00A80776 = {
						CreatedOnToolsVersion = 11.4;
					};
				};
			};
			buildConfigurationList = 22520ACE2432644F00A80776 /* Build configuration list for PBXProject "LockdownCounter" */;
			compatibilityVersion = "Xcode 9.3";
			developmentRegion = en;
			hasScannedForEncodings = 0;
			knownRegions = (
				en,
				Base,
			);
			mainGroup = 22520ACA2432644F00A80776;
			productRefGroup = 22520AD42432644F00A80776 /* Products */;
			projectDirPath = "";
			projectRoot = "";
			targets = (
				22520AD22432644F00A80776 /* LockdownCounter */,
			);
		};
/* End PBXProject section */

/* Begin PBXResourcesBuildPhase section */
		22520AD12432644F00A80776 /* Resources */ = {
			isa = PBXResourcesBuildPhase;
			buildActionMask = 2147483647;
			files = (
				22520AE62432645000A80776 /* LaunchScreen.storyboard in Resources */,
				22520AE32432645000A80776 /* Assets.xcassets in Resources */,
				22520ADE2432644F00A80776 /* Main.storyboard in Resources */,
			);
			runOnlyForDeploymentPostprocessing = 0;
		};
/* End PBXResourcesBuildPhase section */

/* Begin PBXSourcesBuildPhase section */
		22520ACF2432644F00A80776 /* Sources */ = {
			isa = PBXSourcesBuildPhase;
			buildActionMask = 2147483647;
			files = (
				22520ADB2432644F00A80776 /* ViewController.swift in Sources */,
				22520AEE2434F57400A80776 /* GlobalData.swift in Sources */,
				22520B08243626B600A80776 /* SplashScreenViewController.swift in Sources */,
				22520AE12432644F00A80776 /* LockdownCounter.xcdatamodeld in Sources */,
				22520AD72432644F00A80776 /* AppDelegate.swift in Sources */,
				22520AD92432644F00A80776 /* SceneDelegate.swift in Sources */,
			);
			runOnlyForDeploymentPostprocessing = 0;
		};
/* End PBXSourcesBuildPhase section */

/* Begin PBXVariantGroup section */
		22520ADC2432644F00A80776 /* Main.storyboard */ = {
			isa = PBXVariantGroup;
			children = (
				22520ADD2432644F00A80776 /* Base */,
			);
			name = Main.storyboard;
			sourceTree = "<group>";
		};
		22520AE42432645000A80776 /* LaunchScreen.storyboard */ = {
			isa = PBXVariantGroup;
			children = (
				22520AE52432645000A80776 /* Base */,
			);
			name = LaunchScreen.storyboard;
			sourceTree = "<group>";
		};
/* End PBXVariantGroup section */

/* Begin XCBuildConfiguration section */
		22520AE82432645000A80776 /* Debug */ = {
			isa = XCBuildConfiguration;
			buildSettings = {
				ALWAYS_SEARCH_USER_PATHS = NO;
				CLANG_ANALYZER_NONNULL = YES;
				CLANG_ANALYZER_NUMBER_OBJECT_CONVERSION = YES_AGGRESSIVE;
				CLANG_CXX_LANGUAGE_STANDARD = "gnu++14";
				CLANG_CXX_LIBRARY = "libc++";
				CLANG_ENABLE_MODULES = YES;
				CLANG_ENABLE_OBJC_ARC = YES;
				CLANG_ENABLE_OBJC_WEAK = YES;
				CLANG_WARN_BLOCK_CAPTURE_AUTORELEASING = YES;
				CLANG_WARN_BOOL_CONVERSION = YES;
				CLANG_WARN_COMMA = YES;
				CLANG_WARN_CONSTANT_CONVERSION = YES;
				CLANG_WARN_DEPRECATED_OBJC_IMPLEMENTATIONS = YES;
				CLANG_WARN_DIRECT_OBJC_ISA_USAGE = YES_ERROR;
				CLANG_WARN_DOCUMENTATION_COMMENTS = YES;
				CLANG_WARN_EMPTY_BODY = YES;
				CLANG_WARN_ENUM_CONVERSION = YES;
				CLANG_WARN_INFINITE_RECURSION = YES;
				CLANG_WARN_INT_CONVERSION = YES;
				CLANG_WARN_NON_LITERAL_NULL_CONVERSION = YES;
				CLANG_WARN_OBJC_IMPLICIT_RETAIN_SELF = YES;
				CLANG_WARN_OBJC_LITERAL_CONVERSION = YES;
				CLANG_WARN_OBJC_ROOT_CLASS = YES_ERROR;
				CLANG_WARN_RANGE_LOOP_ANALYSIS = YES;
				CLANG_WARN_STRICT_PROTOTYPES = YES;
				CLANG_WARN_SUSPICIOUS_MOVE = YES;
				CLANG_WARN_UNGUARDED_AVAILABILITY = YES_AGGRESSIVE;
				CLANG_WARN_UNREACHABLE_CODE = YES;
				CLANG_WARN__DUPLICATE_METHOD_MATCH = YES;
				COPY_PHASE_STRIP = NO;
				DEBUG_INFORMATION_FORMAT = dwarf;
				ENABLE_STRICT_OBJC_MSGSEND = YES;
				ENABLE_TESTABILITY = YES;
				GCC_C_LANGUAGE_STANDARD = gnu11;
				GCC_DYNAMIC_NO_PIC = NO;
				GCC_NO_COMMON_BLOCKS = YES;
				GCC_OPTIMIZATION_LEVEL = 0;
				GCC_PREPROCESSOR_DEFINITIONS = (
					"DEBUG=1",
					"$(inherited)",
				);
				GCC_WARN_64_TO_32_BIT_CONVERSION = YES;
				GCC_WARN_ABOUT_RETURN_TYPE = YES_ERROR;
				GCC_WARN_UNDECLARED_SELECTOR = YES;
				GCC_WARN_UNINITIALIZED_AUTOS = YES_AGGRESSIVE;
				GCC_WARN_UNUSED_FUNCTION = YES;
				GCC_WARN_UNUSED_VARIABLE = YES;
				IPHONEOS_DEPLOYMENT_TARGET = 13.4;
				MTL_ENABLE_DEBUG_INFO = INCLUDE_SOURCE;
				MTL_FAST_MATH = YES;
				ONLY_ACTIVE_ARCH = YES;
				SDKROOT = iphoneos;
				SWIFT_ACTIVE_COMPILATION_CONDITIONS = DEBUG;
				SWIFT_OPTIMIZATION_LEVEL = "-Onone";
			};
			name = Debug;
		};
		22520AE92432645000A80776 /* Release */ = {
			isa = XCBuildConfiguration;
			buildSettings = {
				ALWAYS_SEARCH_USER_PATHS = NO;
				CLANG_ANALYZER_NONNULL = YES;
				CLANG_ANALYZER_NUMBER_OBJECT_CONVERSION = YES_AGGRESSIVE;
				CLANG_CXX_LANGUAGE_STANDARD = "gnu++14";
				CLANG_CXX_LIBRARY = "libc++";
				CLANG_ENABLE_MODULES = YES;
				CLANG_ENABLE_OBJC_ARC = YES;
				CLANG_ENABLE_OBJC_WEAK = YES;
				CLANG_WARN_BLOCK_CAPTURE_AUTORELEASING = YES;
				CLANG_WARN_BOOL_CONVERSION = YES;
				CLANG_WARN_COMMA = YES;
				CLANG_WARN_CONSTANT_CONVERSION = YES;
				CLANG_WARN_DEPRECATED_OBJC_IMPLEMENTATIONS = YES;
				CLANG_WARN_DIRECT_OBJC_ISA_USAGE = YES_ERROR;
				CLANG_WARN_DOCUMENTATION_COMMENTS = YES;
				CLANG_WARN_EMPTY_BODY = YES;
				CLANG_WARN_ENUM_CONVERSION = YES;
				CLANG_WARN_INFINITE_RECURSION = YES;
				CLANG_WARN_INT_CONVERSION = YES;
				CLANG_WARN_NON_LITERAL_NULL_CONVERSION = YES;
				CLANG_WARN_OBJC_IMPLICIT_RETAIN_SELF = YES;
				CLANG_WARN_OBJC_LITERAL_CONVERSION = YES;
				CLANG_WARN_OBJC_ROOT_CLASS = YES_ERROR;
				CLANG_WARN_RANGE_LOOP_ANALYSIS = YES;
				CLANG_WARN_STRICT_PROTOTYPES = YES;
				CLANG_WARN_SUSPICIOUS_MOVE = YES;
				CLANG_WARN_UNGUARDED_AVAILABILITY = YES_AGGRESSIVE;
				CLANG_WARN_UNREACHABLE_CODE = YES;
				CLANG_WARN__DUPLICATE_METHOD_MATCH = YES;
				COPY_PHASE_STRIP = NO;
				DEBUG_INFORMATION_FORMAT = "dwarf-with-dsym";
				ENABLE_NS_ASSERTIONS = NO;
				ENABLE_STRICT_OBJC_MSGSEND = YES;
				GCC_C_LANGUAGE_STANDARD = gnu11;
				GCC_NO_COMMON_BLOCKS = YES;
				GCC_WARN_64_TO_32_BIT_CONVERSION = YES;
				GCC_WARN_ABOUT_RETURN_TYPE = YES_ERROR;
				GCC_WARN_UNDECLARED_SELECTOR = YES;
				GCC_WARN_UNINITIALIZED_AUTOS = YES_AGGRESSIVE;
				GCC_WARN_UNUSED_FUNCTION = YES;
				GCC_WARN_UNUSED_VARIABLE = YES;
				IPHONEOS_DEPLOYMENT_TARGET = 13.4;
				MTL_ENABLE_DEBUG_INFO = NO;
				MTL_FAST_MATH = YES;
				SDKROOT = iphoneos;
				SWIFT_COMPILATION_MODE = wholemodule;
				SWIFT_OPTIMIZATION_LEVEL = "-O";
				VALIDATE_PRODUCT = YES;
			};
			name = Release;
		};
		22520AEB2432645000A80776 /* Debug */ = {
			isa = XCBuildConfiguration;
			buildSettings = {
				ALWAYS_EMBED_SWIFT_STANDARD_LIBRARIES = YES;
				ASSETCATALOG_COMPILER_APPICON_NAME = AppIcon;
				CODE_SIGN_ENTITLEMENTS = LockdownCounter/Lockdown.entitlements;
				CODE_SIGN_STYLE = Automatic;
				CURRENT_PROJECT_VERSION = 7;
				DEVELOPMENT_TEAM = 8NVY4CRKVK;
				INFOPLIST_FILE = LockdownCounter/Info.plist;
				IPHONEOS_DEPLOYMENT_TARGET = 13.3;
				LD_RUNPATH_SEARCH_PATHS = (
					"$(inherited)",
					"@executable_path/Frameworks",
				);
				MARKETING_VERSION = 3.1;
				PRODUCT_BUNDLE_IDENTIFIER = "com.rhm-computing.lockdown";
				PRODUCT_NAME = Lockdown;
				SWIFT_VERSION = 5.0;
				TARGETED_DEVICE_FAMILY = "1,2";
			};
			name = Debug;
		};
		22520AEC2432645000A80776 /* Release */ = {
			isa = XCBuildConfiguration;
			buildSettings = {
				ALWAYS_EMBED_SWIFT_STANDARD_LIBRARIES = YES;
				ASSETCATALOG_COMPILER_APPICON_NAME = AppIcon;
				CODE_SIGN_ENTITLEMENTS = LockdownCounter/Lockdown.entitlements;
				CODE_SIGN_STYLE = Automatic;
				CURRENT_PROJECT_VERSION = 7;
				DEVELOPMENT_TEAM = 8NVY4CRKVK;
				INFOPLIST_FILE = LockdownCounter/Info.plist;
				IPHONEOS_DEPLOYMENT_TARGET = 13.3;
				LD_RUNPATH_SEARCH_PATHS = (
					"$(inherited)",
					"@executable_path/Frameworks",
				);
				MARKETING_VERSION = 3.1;
				PRODUCT_BUNDLE_IDENTIFIER = "com.rhm-computing.lockdown";
				PRODUCT_NAME = Lockdown;
				SWIFT_VERSION = 5.0;
				TARGETED_DEVICE_FAMILY = "1,2";
			};
			name = Release;
		};
/* End XCBuildConfiguration section */

/* Begin XCConfigurationList section */
		22520ACE2432644F00A80776 /* Build configuration list for PBXProject "LockdownCounter" */ = {
			isa = XCConfigurationList;
			buildConfigurations = (
				22520AE82432645000A80776 /* Debug */,
				22520AE92432645000A80776 /* Release */,
			);
			defaultConfigurationIsVisible = 0;
			defaultConfigurationName = Release;
		};
		22520AEA2432645000A80776 /* Build configuration list for PBXNativeTarget "LockdownCounter" */ = {
			isa = XCConfigurationList;
			buildConfigurations = (
				22520AEB2432645000A80776 /* Debug */,
				22520AEC2432645000A80776 /* Release */,
			);
			defaultConfigurationIsVisible = 0;
			defaultConfigurationName = Release;
		};
/* End XCConfigurationList section */

/* Begin XCVersionGroup section */
		22520ADF2432644F00A80776 /* LockdownCounter.xcdatamodeld */ = {
			isa = XCVersionGroup;
			children = (
				22520AE02432644F00A80776 /* LockdownCounter.xcdatamodel */,
			);
			currentVersion = 22520AE02432644F00A80776 /* LockdownCounter.xcdatamodel */;
			path = LockdownCounter.xcdatamodeld;
			sourceTree = "<group>";
			versionGroupType = wrapper.xcdatamodel;
		};
/* End XCVersionGroup section */
	};
	rootObject = 22520ACB2432644F00A80776 /* Project object */;
}
